
Microsoft Visual Studio Solution File, Format Version 12.00
# Visual Studio Version 16
VisualStudioVersion = 16.0.31624.102
MinimumVisualStudioVersion = 10.0.40219.1
Project("{9A19103F-16F7-4668-BE54-9A1E7A4F7556}") = "HXGGVH_HFT_2021221.Client", "HXGGVH_HFT_2021221.Client\HXGGVH_HFT_2021221.Client.csproj", "{04055A21-D5CA-4EC2-A0D6-454595DB6266}"
EndProject
Project("{FAE04EC0-301F-11D3-BF4B-00C04F79EFBC}") = "HXGGVH_HFT_2021221.Models", "HXGGVH_HFT_2021221.Models\HXGGVH_HFT_2021221.Models.csproj", "{8FE17B47-2878-4C5B-82F3-B5C3332415A2}"
EndProject
Project("{FAE04EC0-301F-11D3-BF4B-00C04F79EFBC}") = "HXGGVH_HFT_2021221.Data", "HXGGVH_HFT_2021221.Data\HXGGVH_HFT_2021221.Data.csproj", "{0263B95C-3A59-4816-B4E6-E92DF9886C38}"
EndProject
Project("{FAE04EC0-301F-11D3-BF4B-00C04F79EFBC}") = "HXGGVH_HFT_2021221.Logic", "HXGGVH_HFT_2021221.Logic\HXGGVH_HFT_2021221.Logic.csproj", "{02A4DBFA-5ED5-45CB-8490-0AAD5C9C5D9B}"
EndProject
Project("{FAE04EC0-301F-11D3-BF4B-00C04F79EFBC}") = "HXGGVH_HFT_2021221.Repository", "HXGGVH_HFT_2021221.Repository\HXGGVH_HFT_2021221.Repository.csproj", "{7973D024-D4E8-4E0A-ABF4-2F5363319129}"
EndProject
Project("{FAE04EC0-301F-11D3-BF4B-00C04F79EFBC}") = "HXGGVH_HFT_2021221.Endpoint", "HXGGVH_HFT_2021221.Endpoint\HXGGVH_HFT_2021221.Endpoint.csproj", "{072D4431-4F32-4CE7-9ABD-4E4022622C59}"
EndProject
Project("{FAE04EC0-301F-11D3-BF4B-00C04F79EFBC}") = "HXGGVH_HFT_2021221.Test", "HXGGVH_HFT_2021221.Test\HXGGVH_HFT_2021221.Test.csproj", "{C60ADFF5-F116-456B-9B6F-DB2821719D5C}"
EndProject
Project("{2150E333-8FDC-42A3-9474-1A3956D46DE8}") = "Backend", "Backend", "{17B60A3F-CB51-4F55-A094-61257AA5F9A9}"
EndProject
Project("{2150E333-8FDC-42A3-9474-1A3956D46DE8}") = "Frontend", "Frontend", "{F79A302D-1338-4B66-A8FE-4B74F673865B}"
EndProject
Project("{2150E333-8FDC-42A3-9474-1A3956D46DE8}") = "Shared", "Shared", "{ABAD6988-B53F-4C9E-AD78-524364221DDC}"
EndProject
Global
	GlobalSection(SolutionConfigurationPlatforms) = preSolution
		Debug|Any CPU = Debug|Any CPU
		Release|Any CPU = Release|Any CPU
	EndGlobalSection
	GlobalSection(ProjectConfigurationPlatforms) = postSolution
		{04055A21-D5CA-4EC2-A0D6-454595DB6266}.Debug|Any CPU.ActiveCfg = Debug|Any CPU
		{04055A21-D5CA-4EC2-A0D6-454595DB6266}.Debug|Any CPU.Build.0 = Debug|Any CPU
		{04055A21-D5CA-4EC2-A0D6-454595DB6266}.Release|Any CPU.ActiveCfg = Release|Any CPU
		{04055A21-D5CA-4EC2-A0D6-454595DB6266}.Release|Any CPU.Build.0 = Release|Any CPU
		{8FE17B47-2878-4C5B-82F3-B5C3332415A2}.Debug|Any CPU.ActiveCfg = Debug|Any CPU
		{8FE17B47-2878-4C5B-82F3-B5C3332415A2}.Debug|Any CPU.Build.0 = Debug|Any CPU
		{8FE17B47-2878-4C5B-82F3-B5C3332415A2}.Release|Any CPU.ActiveCfg = Release|Any CPU
		{8FE17B47-2878-4C5B-82F3-B5C3332415A2}.Release|Any CPU.Build.0 = Release|Any CPU
		{0263B95C-3A59-4816-B4E6-E92DF9886C38}.Debug|Any CPU.ActiveCfg = Debug|Any CPU
		{0263B95C-3A59-4816-B4E6-E92DF9886C38}.Debug|Any CPU.Build.0 = Debug|Any CPU
		{0263B95C-3A59-4816-B4E6-E92DF9886C38}.Release|Any CPU.ActiveCfg = Release|Any CPU
		{0263B95C-3A59-4816-B4E6-E92DF9886C38}.Release|Any CPU.Build.0 = Release|Any CPU
		{02A4DBFA-5ED5-45CB-8490-0AAD5C9C5D9B}.Debug|Any CPU.ActiveCfg = Debug|Any CPU
		{02A4DBFA-5ED5-45CB-8490-0AAD5C9C5D9B}.Debug|Any CPU.Build.0 = Debug|Any CPU
		{02A4DBFA-5ED5-45CB-8490-0AAD5C9C5D9B}.Release|Any CPU.ActiveCfg = Release|Any CPU
		{02A4DBFA-5ED5-45CB-8490-0AAD5C9C5D9B}.Release|Any CPU.Build.0 = Release|Any CPU
		{7973D024-D4E8-4E0A-ABF4-2F5363319129}.Debug|Any CPU.ActiveCfg = Debug|Any CPU
		{7973D024-D4E8-4E0A-ABF4-2F5363319129}.Debug|Any CPU.Build.0 = Debug|Any CPU
		{7973D024-D4E8-4E0A-ABF4-2F5363319129}.Release|Any CPU.ActiveCfg = Release|Any CPU
		{7973D024-D4E8-4E0A-ABF4-2F5363319129}.Release|Any CPU.Build.0 = Release|Any CPU
		{072D4431-4F32-4CE7-9ABD-4E4022622C59}.Debug|Any CPU.ActiveCfg = Debug|Any CPU
		{072D4431-4F32-4CE7-9ABD-4E4022622C59}.Debug|Any CPU.Build.0 = Debug|Any CPU
		{072D4431-4F32-4CE7-9ABD-4E4022622C59}.Release|Any CPU.ActiveCfg = Release|Any CPU
		{072D4431-4F32-4CE7-9ABD-4E4022622C59}.Release|Any CPU.Build.0 = Release|Any CPU
		{C60ADFF5-F116-456B-9B6F-DB2821719D5C}.Debug|Any CPU.ActiveCfg = Debug|Any CPU
		{C60ADFF5-F116-456B-9B6F-DB2821719D5C}.Debug|Any CPU.Build.0 = Debug|Any CPU
		{C60ADFF5-F116-456B-9B6F-DB2821719D5C}.Release|Any CPU.ActiveCfg = Release|Any CPU
		{C60ADFF5-F116-456B-9B6F-DB2821719D5C}.Release|Any CPU.Build.0 = Release|Any CPU
	EndGlobalSection
	GlobalSection(SolutionProperties) = preSolution
		HideSolutionNode = FALSE
	EndGlobalSection
	GlobalSection(NestedProjects) = preSolution
		{04055A21-D5CA-4EC2-A0D6-454595DB6266} = {F79A302D-1338-4B66-A8FE-4B74F673865B}
		{8FE17B47-2878-4C5B-82F3-B5C3332415A2} = {ABAD6988-B53F-4C9E-AD78-524364221DDC}
		{0263B95C-3A59-4816-B4E6-E92DF9886C38} = {17B60A3F-CB51-4F55-A094-61257AA5F9A9}
		{02A4DBFA-5ED5-45CB-8490-0AAD5C9C5D9B} = {17B60A3F-CB51-4F55-A094-61257AA5F9A9}
		{7973D024-D4E8-4E0A-ABF4-2F5363319129} = {17B60A3F-CB51-4F55-A094-61257AA5F9A9}
		{072D4431-4F32-4CE7-9ABD-4E4022622C59} = {17B60A3F-CB51-4F55-A094-61257AA5F9A9}
		{C60ADFF5-F116-456B-9B6F-DB2821719D5C} = {17B60A3F-CB51-4F55-A094-61257AA5F9A9}
	EndGlobalSection
	GlobalSection(ExtensibilityGlobals) = postSolution
		SolutionGuid = {23112241-D065-49FB-8AB4-5E8F0A3C0ED3}
	EndGlobalSection
EndGlobal
